// !$*UTF8*$!
{
	archiveVersion = 1;
	classes = {
	};
	objectVersion = 56;
	objects = {

/* Begin PBXBuildFile section */
		461648652A4AF31300B24D88 /* BudgetLandApp.swift in Sources */ = {isa = PBXBuildFile; fileRef = 461648642A4AF31300B24D88 /* BudgetLandApp.swift */; };
		461648692A4AF31400B24D88 /* Assets.xcassets in Resources */ = {isa = PBXBuildFile; fileRef = 461648682A4AF31400B24D88 /* Assets.xcassets */; };
		4616486C2A4AF31400B24D88 /* Preview Assets.xcassets in Resources */ = {isa = PBXBuildFile; fileRef = 4616486B2A4AF31400B24D88 /* Preview Assets.xcassets */; };
		4616486E2A4AF31400B24D88 /* PersistenceController.swift in Sources */ = {isa = PBXBuildFile; fileRef = 4616486D2A4AF31400B24D88 /* PersistenceController.swift */; };
		461648782A4AF3C700B24D88 /* WelcomeView.swift in Sources */ = {isa = PBXBuildFile; fileRef = 461648772A4AF3C700B24D88 /* WelcomeView.swift */; };
		4616487A2A4B16CA00B24D88 /* Constants.swift in Sources */ = {isa = PBXBuildFile; fileRef = 461648792A4B16CA00B24D88 /* Constants.swift */; };
		4616487E2A4B18E300B24D88 /* EnterButton.swift in Sources */ = {isa = PBXBuildFile; fileRef = 4616487D2A4B18E300B24D88 /* EnterButton.swift */; };
		461648802A4B78F300B24D88 /* MainView.swift in Sources */ = {isa = PBXBuildFile; fileRef = 4616487F2A4B78F300B24D88 /* MainView.swift */; };
		461648842A4B7AE400B24D88 /* CategoriesCardView.swift in Sources */ = {isa = PBXBuildFile; fileRef = 461648832A4B7AE400B24D88 /* CategoriesCardView.swift */; };
		461648862A4C65D700B24D88 /* CategoryTitleView.swift in Sources */ = {isa = PBXBuildFile; fileRef = 461648852A4C65D700B24D88 /* CategoryTitleView.swift */; };
		461648892A4C6A3C00B24D88 /* YsabeauInfant-Black.ttf in Resources */ = {isa = PBXBuildFile; fileRef = 461648882A4C6A3C00B24D88 /* YsabeauInfant-Black.ttf */; };
		4616488B2A4C6A4500B24D88 /* YsabeauInfant-Bold.ttf in Resources */ = {isa = PBXBuildFile; fileRef = 4616488A2A4C6A4500B24D88 /* YsabeauInfant-Bold.ttf */; };
		4616488D2A4C6A4E00B24D88 /* YsabeauInfant-ExtraBold.ttf in Resources */ = {isa = PBXBuildFile; fileRef = 4616488C2A4C6A4E00B24D88 /* YsabeauInfant-ExtraBold.ttf */; };
		4616488F2A4C6A7E00B24D88 /* YsabeauInfant-ExtraLight.ttf in Resources */ = {isa = PBXBuildFile; fileRef = 4616488E2A4C6A7E00B24D88 /* YsabeauInfant-ExtraLight.ttf */; };
		461648912A4C6A8900B24D88 /* YsabeauInfant-Light.ttf in Resources */ = {isa = PBXBuildFile; fileRef = 461648902A4C6A8900B24D88 /* YsabeauInfant-Light.ttf */; };
		461648932A4C6A8F00B24D88 /* YsabeauInfant-Medium.ttf in Resources */ = {isa = PBXBuildFile; fileRef = 461648922A4C6A8F00B24D88 /* YsabeauInfant-Medium.ttf */; };
		461648952A4C6A9500B24D88 /* YsabeauInfant-Regular.ttf in Resources */ = {isa = PBXBuildFile; fileRef = 461648942A4C6A9500B24D88 /* YsabeauInfant-Regular.ttf */; };
		461648992A4C742C00B24D88 /* CategoryModel.swift in Sources */ = {isa = PBXBuildFile; fileRef = 461648982A4C742C00B24D88 /* CategoryModel.swift */; };
		4616489C2A4C756600B24D88 /* CategoryData.swift in Sources */ = {isa = PBXBuildFile; fileRef = 4616489B2A4C756600B24D88 /* CategoryData.swift */; };
		4616489E2A4C7FB800B24D88 /* CategoryDetailsView.swift in Sources */ = {isa = PBXBuildFile; fileRef = 4616489D2A4C7FB800B24D88 /* CategoryDetailsView.swift */; };
		461648A02A4C882000B24D88 /* HeaderForMainView.swift in Sources */ = {isa = PBXBuildFile; fileRef = 4616489F2A4C882000B24D88 /* HeaderForMainView.swift */; };
		4622E81D2A72D6470024816A /* BudgetLand.xcdatamodeld in Sources */ = {isa = PBXBuildFile; fileRef = 4622E81B2A72D6470024816A /* BudgetLand.xcdatamodeld */; };
		4622E81F2A72DE2D0024816A /* AllExpensesViewModel.swift in Sources */ = {isa = PBXBuildFile; fileRef = 4622E81E2A72DE2D0024816A /* AllExpensesViewModel.swift */; };
		4622E8212A72E75A0024816A /* Persistence+BudgetCategory.swift in Sources */ = {isa = PBXBuildFile; fileRef = 4622E8202A72E75A0024816A /* Persistence+BudgetCategory.swift */; };
		4622E8242A793FE10024816A /* CustomCategoriesBudget.swift in Sources */ = {isa = PBXBuildFile; fileRef = 4622E8232A793FE10024816A /* CustomCategoriesBudget.swift */; };
		4688388F2A6AEA3400B0C75F /* AllExpensesInCategory.swift in Sources */ = {isa = PBXBuildFile; fileRef = 4688388E2A6AEA3400B0C75F /* AllExpensesInCategory.swift */; };
		46CE06D92A681751005AE75B /* AddCategoryView.swift in Sources */ = {isa = PBXBuildFile; fileRef = 46CE06D82A681751005AE75B /* AddCategoryView.swift */; };
		46CE06DB2A696114005AE75B /* CoreDataManager.swift in Sources */ = {isa = PBXBuildFile; fileRef = 46CE06DA2A696114005AE75B /* CoreDataManager.swift */; };
		46D9106E2A55B3ED0072D528 /* Overview.swift in Sources */ = {isa = PBXBuildFile; fileRef = 46D9106D2A55B3ED0072D528 /* Overview.swift */; };
		46DA85EA2A55BF02003E2F13 /* ExpenseModel.swift in Sources */ = {isa = PBXBuildFile; fileRef = 46DA85E92A55BF02003E2F13 /* ExpenseModel.swift */; };
		46DA85EC2A55C06F003E2F13 /* PreviewData.swift in Sources */ = {isa = PBXBuildFile; fileRef = 46DA85EB2A55C06F003E2F13 /* PreviewData.swift */; };
		46DA85F02A55C329003E2F13 /* ExpenseRow.swift in Sources */ = {isa = PBXBuildFile; fileRef = 46DA85EF2A55C329003E2F13 /* ExpenseRow.swift */; };
		46DA85F22A55C650003E2F13 /* Extensions.swift in Sources */ = {isa = PBXBuildFile; fileRef = 46DA85F12A55C650003E2F13 /* Extensions.swift */; };
		46DA85F72A5700FE003E2F13 /* icons.json in Resources */ = {isa = PBXBuildFile; fileRef = 46DA85F62A5700FD003E2F13 /* icons.json */; };
		46DA85F92A57010E003E2F13 /* Font Awesome 6 Free-Solid-900.otf in Resources */ = {isa = PBXBuildFile; fileRef = 46DA85F82A57010E003E2F13 /* Font Awesome 6 Free-Solid-900.otf */; };
		46DA85FD2A5726AE003E2F13 /* RecentExpenses.swift in Sources */ = {isa = PBXBuildFile; fileRef = 46DA85FC2A5726AE003E2F13 /* RecentExpenses.swift */; };
		46DA85FF2A5C59D9003E2F13 /* MainViewModel.swift in Sources */ = {isa = PBXBuildFile; fileRef = 46DA85FE2A5C59D9003E2F13 /* MainViewModel.swift */; };
		46DA86012A5C5F1F003E2F13 /* AddExpenseView.swift in Sources */ = {isa = PBXBuildFile; fileRef = 46DA86002A5C5F1F003E2F13 /* AddExpenseView.swift */; };
		46DA86042A5C697A003E2F13 /* Persistence+Expense.swift in Sources */ = {isa = PBXBuildFile; fileRef = 46DA86032A5C697A003E2F13 /* Persistence+Expense.swift */; };
		46DA86072A5C6C40003E2F13 /* Expenses+CoreDataClass.swift in Sources */ = {isa = PBXBuildFile; fileRef = 46DA86052A5C6C40003E2F13 /* Expenses+CoreDataClass.swift */; };
		46DA86082A5C6C40003E2F13 /* Expenses+CoreDataProperties.swift in Sources */ = {isa = PBXBuildFile; fileRef = 46DA86062A5C6C40003E2F13 /* Expenses+CoreDataProperties.swift */; };
		46DA860F2A5DAF67003E2F13 /* RecentExpensesViewModel.swift in Sources */ = {isa = PBXBuildFile; fileRef = 46DA860E2A5DAF67003E2F13 /* RecentExpensesViewModel.swift */; };
		46DA86112A5EDFA3003E2F13 /* WelcomeViewModel.swift in Sources */ = {isa = PBXBuildFile; fileRef = 46DA86102A5EDFA3003E2F13 /* WelcomeViewModel.swift */; };
		46DA86132A5F5287003E2F13 /* ContentView.swift in Sources */ = {isa = PBXBuildFile; fileRef = 46DA86122A5F5287003E2F13 /* ContentView.swift */; };
		46DA86162A5F552E003E2F13 /* ReportsMainView.swift in Sources */ = {isa = PBXBuildFile; fileRef = 46DA86152A5F552E003E2F13 /* ReportsMainView.swift */; };
		46DA86192A5F598D003E2F13 /* SettingsView.swift in Sources */ = {isa = PBXBuildFile; fileRef = 46DA86182A5F598D003E2F13 /* SettingsView.swift */; };
		46DA861C2A5F6E2E003E2F13 /* ManageCategoriesView.swift in Sources */ = {isa = PBXBuildFile; fileRef = 46DA861B2A5F6E2E003E2F13 /* ManageCategoriesView.swift */; };
		46DA86212A60353D003E2F13 /* SymbolPicker in Frameworks */ = {isa = PBXBuildFile; productRef = 46DA86202A60353D003E2F13 /* SymbolPicker */; };
		46DA86262A65D4D8003E2F13 /* CurrencyModel.swift in Sources */ = {isa = PBXBuildFile; fileRef = 46DA86252A65D4D8003E2F13 /* CurrencyModel.swift */; };
		46DA86282A65DA4A003E2F13 /* RecurrenceModel.swift in Sources */ = {isa = PBXBuildFile; fileRef = 46DA86272A65DA4A003E2F13 /* RecurrenceModel.swift */; };
		46DA862A2A66A3CC003E2F13 /* AllExpenses.swift in Sources */ = {isa = PBXBuildFile; fileRef = 46DA86292A66A3CC003E2F13 /* AllExpenses.swift */; };
		46DA862E2A66AA4C003E2F13 /* TotalExpensesInCurrency.swift in Sources */ = {isa = PBXBuildFile; fileRef = 46DA862D2A66AA4C003E2F13 /* TotalExpensesInCurrency.swift */; };
/* End PBXBuildFile section */

/* Begin PBXFileReference section */
		461648612A4AF31300B24D88 /* BudgetLand.app */ = {isa = PBXFileReference; explicitFileType = wrapper.application; includeInIndex = 0; path = BudgetLand.app; sourceTree = BUILT_PRODUCTS_DIR; };
		461648642A4AF31300B24D88 /* BudgetLandApp.swift */ = {isa = PBXFileReference; lastKnownFileType = sourcecode.swift; path = BudgetLandApp.swift; sourceTree = "<group>"; };
		461648682A4AF31400B24D88 /* Assets.xcassets */ = {isa = PBXFileReference; lastKnownFileType = folder.assetcatalog; path = Assets.xcassets; sourceTree = "<group>"; };
		4616486B2A4AF31400B24D88 /* Preview Assets.xcassets */ = {isa = PBXFileReference; lastKnownFileType = folder.assetcatalog; path = "Preview Assets.xcassets"; sourceTree = "<group>"; };
		4616486D2A4AF31400B24D88 /* PersistenceController.swift */ = {isa = PBXFileReference; lastKnownFileType = sourcecode.swift; path = PersistenceController.swift; sourceTree = "<group>"; };
		461648772A4AF3C700B24D88 /* WelcomeView.swift */ = {isa = PBXFileReference; lastKnownFileType = sourcecode.swift; path = WelcomeView.swift; sourceTree = "<group>"; };
		461648792A4B16CA00B24D88 /* Constants.swift */ = {isa = PBXFileReference; lastKnownFileType = sourcecode.swift; path = Constants.swift; sourceTree = "<group>"; };
		4616487D2A4B18E300B24D88 /* EnterButton.swift */ = {isa = PBXFileReference; lastKnownFileType = sourcecode.swift; path = EnterButton.swift; sourceTree = "<group>"; };
		4616487F2A4B78F300B24D88 /* MainView.swift */ = {isa = PBXFileReference; lastKnownFileType = sourcecode.swift; path = MainView.swift; sourceTree = "<group>"; };
		461648832A4B7AE400B24D88 /* CategoriesCardView.swift */ = {isa = PBXFileReference; lastKnownFileType = sourcecode.swift; path = CategoriesCardView.swift; sourceTree = "<group>"; };
		461648852A4C65D700B24D88 /* CategoryTitleView.swift */ = {isa = PBXFileReference; lastKnownFileType = sourcecode.swift; path = CategoryTitleView.swift; sourceTree = "<group>"; };
		461648882A4C6A3C00B24D88 /* YsabeauInfant-Black.ttf */ = {isa = PBXFileReference; lastKnownFileType = file; name = "YsabeauInfant-Black.ttf"; path = "Ysabeau_Infant/static/YsabeauInfant-Black.ttf"; sourceTree = SOURCE_ROOT; };
		4616488A2A4C6A4500B24D88 /* YsabeauInfant-Bold.ttf */ = {isa = PBXFileReference; lastKnownFileType = file; name = "YsabeauInfant-Bold.ttf"; path = "Ysabeau_Infant/static/YsabeauInfant-Bold.ttf"; sourceTree = SOURCE_ROOT; };
		4616488C2A4C6A4E00B24D88 /* YsabeauInfant-ExtraBold.ttf */ = {isa = PBXFileReference; lastKnownFileType = file; name = "YsabeauInfant-ExtraBold.ttf"; path = "Ysabeau_Infant/static/YsabeauInfant-ExtraBold.ttf"; sourceTree = SOURCE_ROOT; };
		4616488E2A4C6A7E00B24D88 /* YsabeauInfant-ExtraLight.ttf */ = {isa = PBXFileReference; lastKnownFileType = file; name = "YsabeauInfant-ExtraLight.ttf"; path = "Ysabeau_Infant/static/YsabeauInfant-ExtraLight.ttf"; sourceTree = SOURCE_ROOT; };
		461648902A4C6A8900B24D88 /* YsabeauInfant-Light.ttf */ = {isa = PBXFileReference; lastKnownFileType = file; name = "YsabeauInfant-Light.ttf"; path = "Ysabeau_Infant/static/YsabeauInfant-Light.ttf"; sourceTree = SOURCE_ROOT; };
		461648922A4C6A8F00B24D88 /* YsabeauInfant-Medium.ttf */ = {isa = PBXFileReference; lastKnownFileType = file; name = "YsabeauInfant-Medium.ttf"; path = "Ysabeau_Infant/static/YsabeauInfant-Medium.ttf"; sourceTree = SOURCE_ROOT; };
		461648942A4C6A9500B24D88 /* YsabeauInfant-Regular.ttf */ = {isa = PBXFileReference; lastKnownFileType = file; name = "YsabeauInfant-Regular.ttf"; path = "Ysabeau_Infant/static/YsabeauInfant-Regular.ttf"; sourceTree = SOURCE_ROOT; };
		461648962A4C6C5F00B24D88 /* Info.plist */ = {isa = PBXFileReference; lastKnownFileType = text.plist; path = Info.plist; sourceTree = "<group>"; };
		461648982A4C742C00B24D88 /* CategoryModel.swift */ = {isa = PBXFileReference; lastKnownFileType = sourcecode.swift; path = CategoryModel.swift; sourceTree = "<group>"; };
		4616489B2A4C756600B24D88 /* CategoryData.swift */ = {isa = PBXFileReference; lastKnownFileType = sourcecode.swift; path = CategoryData.swift; sourceTree = "<group>"; };
		4616489D2A4C7FB800B24D88 /* CategoryDetailsView.swift */ = {isa = PBXFileReference; lastKnownFileType = sourcecode.swift; path = CategoryDetailsView.swift; sourceTree = "<group>"; };
		4616489F2A4C882000B24D88 /* HeaderForMainView.swift */ = {isa = PBXFileReference; lastKnownFileType = sourcecode.swift; path = HeaderForMainView.swift; sourceTree = "<group>"; };
		4622E81C2A72D6470024816A /* BudgetLand.xcdatamodel */ = {isa = PBXFileReference; lastKnownFileType = wrapper.xcdatamodel; path = BudgetLand.xcdatamodel; sourceTree = "<group>"; };
		4622E81E2A72DE2D0024816A /* AllExpensesViewModel.swift */ = {isa = PBXFileReference; lastKnownFileType = sourcecode.swift; path = AllExpensesViewModel.swift; sourceTree = "<group>"; };
		4622E8202A72E75A0024816A /* Persistence+BudgetCategory.swift */ = {isa = PBXFileReference; lastKnownFileType = sourcecode.swift; path = "Persistence+BudgetCategory.swift"; sourceTree = "<group>"; };
		4622E8222A72EA3C0024816A /* BudgetLand 2.xcdatamodel */ = {isa = PBXFileReference; lastKnownFileType = wrapper.xcdatamodel; path = "BudgetLand 2.xcdatamodel"; sourceTree = "<group>"; };
		4622E8232A793FE10024816A /* CustomCategoriesBudget.swift */ = {isa = PBXFileReference; lastKnownFileType = sourcecode.swift; path = CustomCategoriesBudget.swift; sourceTree = "<group>"; };
		4688388E2A6AEA3400B0C75F /* AllExpensesInCategory.swift */ = {isa = PBXFileReference; lastKnownFileType = sourcecode.swift; path = AllExpensesInCategory.swift; sourceTree = "<group>"; };
		46CE06D82A681751005AE75B /* AddCategoryView.swift */ = {isa = PBXFileReference; lastKnownFileType = sourcecode.swift; path = AddCategoryView.swift; sourceTree = "<group>"; };
		46CE06DA2A696114005AE75B /* CoreDataManager.swift */ = {isa = PBXFileReference; lastKnownFileType = sourcecode.swift; path = CoreDataManager.swift; sourceTree = "<group>"; };
		46D9106D2A55B3ED0072D528 /* Overview.swift */ = {isa = PBXFileReference; lastKnownFileType = sourcecode.swift; path = Overview.swift; sourceTree = "<group>"; };
		46DA85E92A55BF02003E2F13 /* ExpenseModel.swift */ = {isa = PBXFileReference; lastKnownFileType = sourcecode.swift; path = ExpenseModel.swift; sourceTree = "<group>"; };
		46DA85EB2A55C06F003E2F13 /* PreviewData.swift */ = {isa = PBXFileReference; lastKnownFileType = sourcecode.swift; path = PreviewData.swift; sourceTree = "<group>"; };
		46DA85EF2A55C329003E2F13 /* ExpenseRow.swift */ = {isa = PBXFileReference; lastKnownFileType = sourcecode.swift; path = ExpenseRow.swift; sourceTree = "<group>"; };
		46DA85F12A55C650003E2F13 /* Extensions.swift */ = {isa = PBXFileReference; lastKnownFileType = sourcecode.swift; path = Extensions.swift; sourceTree = "<group>"; };
		46DA85F62A5700FD003E2F13 /* icons.json */ = {isa = PBXFileReference; fileEncoding = 4; lastKnownFileType = text.json; path = icons.json; sourceTree = "<group>"; };
		46DA85F82A57010E003E2F13 /* Font Awesome 6 Free-Solid-900.otf */ = {isa = PBXFileReference; lastKnownFileType = file; path = "Font Awesome 6 Free-Solid-900.otf"; sourceTree = "<group>"; };
		46DA85FC2A5726AE003E2F13 /* RecentExpenses.swift */ = {isa = PBXFileReference; lastKnownFileType = sourcecode.swift; path = RecentExpenses.swift; sourceTree = "<group>"; };
		46DA85FE2A5C59D9003E2F13 /* MainViewModel.swift */ = {isa = PBXFileReference; lastKnownFileType = sourcecode.swift; path = MainViewModel.swift; sourceTree = "<group>"; };
		46DA86002A5C5F1F003E2F13 /* AddExpenseView.swift */ = {isa = PBXFileReference; lastKnownFileType = sourcecode.swift; path = AddExpenseView.swift; sourceTree = "<group>"; };
		46DA86032A5C697A003E2F13 /* Persistence+Expense.swift */ = {isa = PBXFileReference; lastKnownFileType = sourcecode.swift; path = "Persistence+Expense.swift"; sourceTree = "<group>"; };
		46DA86052A5C6C40003E2F13 /* Expenses+CoreDataClass.swift */ = {isa = PBXFileReference; lastKnownFileType = sourcecode.swift; path = "Expenses+CoreDataClass.swift"; sourceTree = "<group>"; };
		46DA86062A5C6C40003E2F13 /* Expenses+CoreDataProperties.swift */ = {isa = PBXFileReference; lastKnownFileType = sourcecode.swift; path = "Expenses+CoreDataProperties.swift"; sourceTree = "<group>"; };
		46DA860E2A5DAF67003E2F13 /* RecentExpensesViewModel.swift */ = {isa = PBXFileReference; lastKnownFileType = sourcecode.swift; path = RecentExpensesViewModel.swift; sourceTree = "<group>"; };
		46DA86102A5EDFA3003E2F13 /* WelcomeViewModel.swift */ = {isa = PBXFileReference; lastKnownFileType = sourcecode.swift; path = WelcomeViewModel.swift; sourceTree = "<group>"; };
		46DA86122A5F5287003E2F13 /* ContentView.swift */ = {isa = PBXFileReference; lastKnownFileType = sourcecode.swift; path = ContentView.swift; sourceTree = "<group>"; };
		46DA86152A5F552E003E2F13 /* ReportsMainView.swift */ = {isa = PBXFileReference; lastKnownFileType = sourcecode.swift; path = ReportsMainView.swift; sourceTree = "<group>"; };
		46DA86182A5F598D003E2F13 /* SettingsView.swift */ = {isa = PBXFileReference; lastKnownFileType = sourcecode.swift; path = SettingsView.swift; sourceTree = "<group>"; };
		46DA861B2A5F6E2E003E2F13 /* ManageCategoriesView.swift */ = {isa = PBXFileReference; lastKnownFileType = sourcecode.swift; path = ManageCategoriesView.swift; sourceTree = "<group>"; };
		46DA86252A65D4D8003E2F13 /* CurrencyModel.swift */ = {isa = PBXFileReference; lastKnownFileType = sourcecode.swift; path = CurrencyModel.swift; sourceTree = "<group>"; };
		46DA86272A65DA4A003E2F13 /* RecurrenceModel.swift */ = {isa = PBXFileReference; lastKnownFileType = sourcecode.swift; path = RecurrenceModel.swift; sourceTree = "<group>"; };
		46DA86292A66A3CC003E2F13 /* AllExpenses.swift */ = {isa = PBXFileReference; lastKnownFileType = sourcecode.swift; path = AllExpenses.swift; sourceTree = "<group>"; };
		46DA862D2A66AA4C003E2F13 /* TotalExpensesInCurrency.swift */ = {isa = PBXFileReference; lastKnownFileType = sourcecode.swift; path = TotalExpensesInCurrency.swift; sourceTree = "<group>"; };
/* End PBXFileReference section */

/* Begin PBXFrameworksBuildPhase section */
		4616485E2A4AF31300B24D88 /* Frameworks */ = {
			isa = PBXFrameworksBuildPhase;
			buildActionMask = 2147483647;
			files = (
				46DA86212A60353D003E2F13 /* SymbolPicker in Frameworks */,
			);
			runOnlyForDeploymentPostprocessing = 0;
		};
/* End PBXFrameworksBuildPhase section */

/* Begin PBXGroup section */
		461648582A4AF31300B24D88 = {
			isa = PBXGroup;
			children = (
				461648632A4AF31300B24D88 /* BudgetLand */,
				461648622A4AF31300B24D88 /* Products */,
			);
			sourceTree = "<group>";
		};
		461648622A4AF31300B24D88 /* Products */ = {
			isa = PBXGroup;
			children = (
				461648612A4AF31300B24D88 /* BudgetLand.app */,
			);
			name = Products;
			sourceTree = "<group>";
		};
		461648632A4AF31300B24D88 /* BudgetLand */ = {
			isa = PBXGroup;
			children = (
				4616489A2A4C754D00B24D88 /* Data */,
				461648972A4C740E00B24D88 /* Models */,
				461648962A4C6C5F00B24D88 /* Info.plist */,
				461648872A4C6A3100B24D88 /* Fonts */,
				4616487B2A4B16D500B24D88 /* Utilities */,
				461648642A4AF31300B24D88 /* BudgetLandApp.swift */,
				4616487C2A4B18D200B24D88 /* Views */,
				461648682A4AF31400B24D88 /* Assets.xcassets */,
				46DA86022A5C694F003E2F13 /* Persistence */,
				4616486A2A4AF31400B24D88 /* Preview Content */,
			);
			path = BudgetLand;
			sourceTree = "<group>";
		};
		4616486A2A4AF31400B24D88 /* Preview Content */ = {
			isa = PBXGroup;
			children = (
				4616486B2A4AF31400B24D88 /* Preview Assets.xcassets */,
				46DA85EB2A55C06F003E2F13 /* PreviewData.swift */,
			);
			path = "Preview Content";
			sourceTree = "<group>";
		};
		4616487B2A4B16D500B24D88 /* Utilities */ = {
			isa = PBXGroup;
			children = (
				461648792A4B16CA00B24D88 /* Constants.swift */,
				46DA85F12A55C650003E2F13 /* Extensions.swift */,
			);
			path = Utilities;
			sourceTree = "<group>";
		};
		4616487C2A4B18D200B24D88 /* Views */ = {
			isa = PBXGroup;
			children = (
				46846D322A5428110025D5A0 /* WelcomeView */,
				46DA86142A5F5297003E2F13 /* ContentView */,
				46846D312A5428050025D5A0 /* MainView */,
				46846D302A5427E00025D5A0 /* Categories */,
				46DA86172A5F5532003E2F13 /* ReportsView */,
				46DA861A2A5F5994003E2F13 /* SettingsView */,
				46DA86242A65D04F003E2F13 /* Expenses */,
				46D9106D2A55B3ED0072D528 /* Overview.swift */,
				46DA860E2A5DAF67003E2F13 /* RecentExpensesViewModel.swift */,
			);
			path = Views;
			sourceTree = "<group>";
		};
		461648872A4C6A3100B24D88 /* Fonts */ = {
			isa = PBXGroup;
			children = (
				461648902A4C6A8900B24D88 /* YsabeauInfant-Light.ttf */,
				461648922A4C6A8F00B24D88 /* YsabeauInfant-Medium.ttf */,
				461648942A4C6A9500B24D88 /* YsabeauInfant-Regular.ttf */,
				46DA85F62A5700FD003E2F13 /* icons.json */,
				4616488E2A4C6A7E00B24D88 /* YsabeauInfant-ExtraLight.ttf */,
				46DA85F82A57010E003E2F13 /* Font Awesome 6 Free-Solid-900.otf */,
				4616488C2A4C6A4E00B24D88 /* YsabeauInfant-ExtraBold.ttf */,
				4616488A2A4C6A4500B24D88 /* YsabeauInfant-Bold.ttf */,
				461648882A4C6A3C00B24D88 /* YsabeauInfant-Black.ttf */,
			);
			path = Fonts;
			sourceTree = "<group>";
		};
		461648972A4C740E00B24D88 /* Models */ = {
			isa = PBXGroup;
			children = (
				461648982A4C742C00B24D88 /* CategoryModel.swift */,
				46DA85E92A55BF02003E2F13 /* ExpenseModel.swift */,
				46DA86252A65D4D8003E2F13 /* CurrencyModel.swift */,
				46DA86272A65DA4A003E2F13 /* RecurrenceModel.swift */,
			);
			path = Models;
			sourceTree = "<group>";
		};
		4616489A2A4C754D00B24D88 /* Data */ = {
			isa = PBXGroup;
			children = (
				4616489B2A4C756600B24D88 /* CategoryData.swift */,
			);
			path = Data;
			sourceTree = "<group>";
		};
		46846D302A5427E00025D5A0 /* Categories */ = {
			isa = PBXGroup;
			children = (
				461648832A4B7AE400B24D88 /* CategoriesCardView.swift */,
				4616489D2A4C7FB800B24D88 /* CategoryDetailsView.swift */,
				461648852A4C65D700B24D88 /* CategoryTitleView.swift */,
				4622E8232A793FE10024816A /* CustomCategoriesBudget.swift */,
			);
			path = Categories;
			sourceTree = "<group>";
		};
		46846D312A5428050025D5A0 /* MainView */ = {
			isa = PBXGroup;
			children = (
				4616487F2A4B78F300B24D88 /* MainView.swift */,
				4616489F2A4C882000B24D88 /* HeaderForMainView.swift */,
				46DA85FE2A5C59D9003E2F13 /* MainViewModel.swift */,
			);
			path = MainView;
			sourceTree = "<group>";
		};
		46846D322A5428110025D5A0 /* WelcomeView */ = {
			isa = PBXGroup;
			children = (
				461648772A4AF3C700B24D88 /* WelcomeView.swift */,
				46DA86102A5EDFA3003E2F13 /* WelcomeViewModel.swift */,
				4616487D2A4B18E300B24D88 /* EnterButton.swift */,
			);
			path = WelcomeView;
			sourceTree = "<group>";
		};
		46CE06DC2A69614F005AE75B /* Core Data - tutorial */ = {
			isa = PBXGroup;
			children = (
				46CE06DA2A696114005AE75B /* CoreDataManager.swift */,
			);
			path = "Core Data - tutorial";
			sourceTree = "<group>";
		};
		46DA86022A5C694F003E2F13 /* Persistence */ = {
			isa = PBXGroup;
			children = (
				4622E81B2A72D6470024816A /* BudgetLand.xcdatamodeld */,
				4616486D2A4AF31400B24D88 /* PersistenceController.swift */,
				46DA86032A5C697A003E2F13 /* Persistence+Expense.swift */,
				4622E8202A72E75A0024816A /* Persistence+BudgetCategory.swift */,
				46DA86052A5C6C40003E2F13 /* Expenses+CoreDataClass.swift */,
				46DA86062A5C6C40003E2F13 /* Expenses+CoreDataProperties.swift */,
				46CE06DC2A69614F005AE75B /* Core Data - tutorial */,
			);
			path = Persistence;
			sourceTree = "<group>";
		};
		46DA86142A5F5297003E2F13 /* ContentView */ = {
			isa = PBXGroup;
			children = (
				46DA86122A5F5287003E2F13 /* ContentView.swift */,
			);
			path = ContentView;
			sourceTree = "<group>";
		};
		46DA86172A5F5532003E2F13 /* ReportsView */ = {
			isa = PBXGroup;
			children = (
				46DA86152A5F552E003E2F13 /* ReportsMainView.swift */,
			);
			path = ReportsView;
			sourceTree = "<group>";
		};
		46DA861A2A5F5994003E2F13 /* SettingsView */ = {
			isa = PBXGroup;
			children = (
				46DA86182A5F598D003E2F13 /* SettingsView.swift */,
				46DA861B2A5F6E2E003E2F13 /* ManageCategoriesView.swift */,
				46CE06D82A681751005AE75B /* AddCategoryView.swift */,
			);
			path = SettingsView;
			sourceTree = "<group>";
		};
		46DA86242A65D04F003E2F13 /* Expenses */ = {
			isa = PBXGroup;
			children = (
				46DA86292A66A3CC003E2F13 /* AllExpenses.swift */,
				46DA85EF2A55C329003E2F13 /* ExpenseRow.swift */,
				46DA85FC2A5726AE003E2F13 /* RecentExpenses.swift */,
				46DA86002A5C5F1F003E2F13 /* AddExpenseView.swift */,
				46DA862D2A66AA4C003E2F13 /* TotalExpensesInCurrency.swift */,
				4688388E2A6AEA3400B0C75F /* AllExpensesInCategory.swift */,
				4622E81E2A72DE2D0024816A /* AllExpensesViewModel.swift */,
			);
			path = Expenses;
			sourceTree = "<group>";
		};
/* End PBXGroup section */

/* Begin PBXNativeTarget section */
		461648602A4AF31300B24D88 /* BudgetLand */ = {
			isa = PBXNativeTarget;
			buildConfigurationList = 461648742A4AF31400B24D88 /* Build configuration list for PBXNativeTarget "BudgetLand" */;
			buildPhases = (
				4616485D2A4AF31300B24D88 /* Sources */,
				4616485E2A4AF31300B24D88 /* Frameworks */,
				4616485F2A4AF31300B24D88 /* Resources */,
			);
			buildRules = (
			);
			dependencies = (
			);
			name = BudgetLand;
			packageProductDependencies = (
				46DA86202A60353D003E2F13 /* SymbolPicker */,
			);
			productName = BudgetLand;
			productReference = 461648612A4AF31300B24D88 /* BudgetLand.app */;
			productType = "com.apple.product-type.application";
		};
/* End PBXNativeTarget section */

/* Begin PBXProject section */
		461648592A4AF31300B24D88 /* Project object */ = {
			isa = PBXProject;
			attributes = {
				BuildIndependentTargetsInParallel = 1;
				LastSwiftUpdateCheck = 1430;
				LastUpgradeCheck = 1430;
				TargetAttributes = {
					461648602A4AF31300B24D88 = {
						CreatedOnToolsVersion = 14.3;
					};
				};
			};
			buildConfigurationList = 4616485C2A4AF31300B24D88 /* Build configuration list for PBXProject "BudgetLand" */;
			compatibilityVersion = "Xcode 14.0";
			developmentRegion = en;
			hasScannedForEncodings = 0;
			knownRegions = (
				en,
				Base,
			);
			mainGroup = 461648582A4AF31300B24D88;
			packageReferences = (
				46DA861F2A60353D003E2F13 /* XCRemoteSwiftPackageReference "SymbolPicker" */,
			);
			productRefGroup = 461648622A4AF31300B24D88 /* Products */;
			projectDirPath = "";
			projectRoot = "";
			targets = (
				461648602A4AF31300B24D88 /* BudgetLand */,
			);
		};
/* End PBXProject section */

/* Begin PBXResourcesBuildPhase section */
		4616485F2A4AF31300B24D88 /* Resources */ = {
			isa = PBXResourcesBuildPhase;
			buildActionMask = 2147483647;
			files = (
				461648892A4C6A3C00B24D88 /* YsabeauInfant-Black.ttf in Resources */,
				461648912A4C6A8900B24D88 /* YsabeauInfant-Light.ttf in Resources */,
				4616488F2A4C6A7E00B24D88 /* YsabeauInfant-ExtraLight.ttf in Resources */,
				4616486C2A4AF31400B24D88 /* Preview Assets.xcassets in Resources */,
				46DA85F72A5700FE003E2F13 /* icons.json in Resources */,
				461648932A4C6A8F00B24D88 /* YsabeauInfant-Medium.ttf in Resources */,
				4616488B2A4C6A4500B24D88 /* YsabeauInfant-Bold.ttf in Resources */,
				4616488D2A4C6A4E00B24D88 /* YsabeauInfant-ExtraBold.ttf in Resources */,
				461648692A4AF31400B24D88 /* Assets.xcassets in Resources */,
				461648952A4C6A9500B24D88 /* YsabeauInfant-Regular.ttf in Resources */,
				46DA85F92A57010E003E2F13 /* Font Awesome 6 Free-Solid-900.otf in Resources */,
			);
			runOnlyForDeploymentPostprocessing = 0;
		};
/* End PBXResourcesBuildPhase section */

/* Begin PBXSourcesBuildPhase section */
		4616485D2A4AF31300B24D88 /* Sources */ = {
			isa = PBXSourcesBuildPhase;
			buildActionMask = 2147483647;
			files = (
				46D9106E2A55B3ED0072D528 /* Overview.swift in Sources */,
				461648782A4AF3C700B24D88 /* WelcomeView.swift in Sources */,
				46DA862A2A66A3CC003E2F13 /* AllExpenses.swift in Sources */,
				46DA85FD2A5726AE003E2F13 /* RecentExpenses.swift in Sources */,
				46DA86012A5C5F1F003E2F13 /* AddExpenseView.swift in Sources */,
				46DA86042A5C697A003E2F13 /* Persistence+Expense.swift in Sources */,
				46CE06DB2A696114005AE75B /* CoreDataManager.swift in Sources */,
				46DA85EC2A55C06F003E2F13 /* PreviewData.swift in Sources */,
				46DA860F2A5DAF67003E2F13 /* RecentExpensesViewModel.swift in Sources */,
				46DA861C2A5F6E2E003E2F13 /* ManageCategoriesView.swift in Sources */,
				4616489C2A4C756600B24D88 /* CategoryData.swift in Sources */,
				461648A02A4C882000B24D88 /* HeaderForMainView.swift in Sources */,
				46DA862E2A66AA4C003E2F13 /* TotalExpensesInCurrency.swift in Sources */,
				461648862A4C65D700B24D88 /* CategoryTitleView.swift in Sources */,
				461648802A4B78F300B24D88 /* MainView.swift in Sources */,
				4622E81F2A72DE2D0024816A /* AllExpensesViewModel.swift in Sources */,
				46DA86072A5C6C40003E2F13 /* Expenses+CoreDataClass.swift in Sources */,
				46DA85F22A55C650003E2F13 /* Extensions.swift in Sources */,
				46DA85F02A55C329003E2F13 /* ExpenseRow.swift in Sources */,
				46DA86282A65DA4A003E2F13 /* RecurrenceModel.swift in Sources */,
				46DA86132A5F5287003E2F13 /* ContentView.swift in Sources */,
				46DA86162A5F552E003E2F13 /* ReportsMainView.swift in Sources */,
				46DA85EA2A55BF02003E2F13 /* ExpenseModel.swift in Sources */,
				46DA86112A5EDFA3003E2F13 /* WelcomeViewModel.swift in Sources */,
				46DA86192A5F598D003E2F13 /* SettingsView.swift in Sources */,
				4616486E2A4AF31400B24D88 /* PersistenceController.swift in Sources */,
				461648842A4B7AE400B24D88 /* CategoriesCardView.swift in Sources */,
				4688388F2A6AEA3400B0C75F /* AllExpensesInCategory.swift in Sources */,
				4622E81D2A72D6470024816A /* BudgetLand.xcdatamodeld in Sources */,
				4622E8212A72E75A0024816A /* Persistence+BudgetCategory.swift in Sources */,
				4616489E2A4C7FB800B24D88 /* CategoryDetailsView.swift in Sources */,
				46DA86262A65D4D8003E2F13 /* CurrencyModel.swift in Sources */,
				46CE06D92A681751005AE75B /* AddCategoryView.swift in Sources */,
				46DA86082A5C6C40003E2F13 /* Expenses+CoreDataProperties.swift in Sources */,
				461648992A4C742C00B24D88 /* CategoryModel.swift in Sources */,
				4622E8242A793FE10024816A /* CustomCategoriesBudget.swift in Sources */,
				461648652A4AF31300B24D88 /* BudgetLandApp.swift in Sources */,
				4616487E2A4B18E300B24D88 /* EnterButton.swift in Sources */,
				4616487A2A4B16CA00B24D88 /* Constants.swift in Sources */,
				46DA85FF2A5C59D9003E2F13 /* MainViewModel.swift in Sources */,
			);
			runOnlyForDeploymentPostprocessing = 0;
		};
/* End PBXSourcesBuildPhase section */

/* Begin XCBuildConfiguration section */
		461648722A4AF31400B24D88 /* Debug */ = {
			isa = XCBuildConfiguration;
			buildSettings = {
				ALWAYS_SEARCH_USER_PATHS = NO;
				CLANG_ANALYZER_NONNULL = YES;
				CLANG_ANALYZER_NUMBER_OBJECT_CONVERSION = YES_AGGRESSIVE;
				CLANG_CXX_LANGUAGE_STANDARD = "gnu++20";
				CLANG_ENABLE_MODULES = YES;
				CLANG_ENABLE_OBJC_ARC = YES;
				CLANG_ENABLE_OBJC_WEAK = YES;
				CLANG_WARN_BLOCK_CAPTURE_AUTORELEASING = YES;
				CLANG_WARN_BOOL_CONVERSION = YES;
				CLANG_WARN_COMMA = YES;
				CLANG_WARN_CONSTANT_CONVERSION = YES;
				CLANG_WARN_DEPRECATED_OBJC_IMPLEMENTATIONS = YES;
				CLANG_WARN_DIRECT_OBJC_ISA_USAGE = YES_ERROR;
				CLANG_WARN_DOCUMENTATION_COMMENTS = YES;
				CLANG_WARN_EMPTY_BODY = YES;
				CLANG_WARN_ENUM_CONVERSION = YES;
				CLANG_WARN_INFINITE_RECURSION = YES;
				CLANG_WARN_INT_CONVERSION = YES;
				CLANG_WARN_NON_LITERAL_NULL_CONVERSION = YES;
				CLANG_WARN_OBJC_IMPLICIT_RETAIN_SELF = YES;
				CLANG_WARN_OBJC_LITERAL_CONVERSION = YES;
				CLANG_WARN_OBJC_ROOT_CLASS = YES_ERROR;
				CLANG_WARN_QUOTED_INCLUDE_IN_FRAMEWORK_HEADER = YES;
				CLANG_WARN_RANGE_LOOP_ANALYSIS = YES;
				CLANG_WARN_STRICT_PROTOTYPES = YES;
				CLANG_WARN_SUSPICIOUS_MOVE = YES;
				CLANG_WARN_UNGUARDED_AVAILABILITY = YES_AGGRESSIVE;
				CLANG_WARN_UNREACHABLE_CODE = YES;
				CLANG_WARN__DUPLICATE_METHOD_MATCH = YES;
				COPY_PHASE_STRIP = NO;
				DEBUG_INFORMATION_FORMAT = dwarf;
				ENABLE_STRICT_OBJC_MSGSEND = YES;
				ENABLE_TESTABILITY = YES;
				GCC_C_LANGUAGE_STANDARD = gnu11;
				GCC_DYNAMIC_NO_PIC = NO;
				GCC_NO_COMMON_BLOCKS = YES;
				GCC_OPTIMIZATION_LEVEL = 0;
				GCC_PREPROCESSOR_DEFINITIONS = (
					"DEBUG=1",
					"$(inherited)",
				);
				GCC_WARN_64_TO_32_BIT_CONVERSION = YES;
				GCC_WARN_ABOUT_RETURN_TYPE = YES_ERROR;
				GCC_WARN_UNDECLARED_SELECTOR = YES;
				GCC_WARN_UNINITIALIZED_AUTOS = YES_AGGRESSIVE;
				GCC_WARN_UNUSED_FUNCTION = YES;
				GCC_WARN_UNUSED_VARIABLE = YES;
				IPHONEOS_DEPLOYMENT_TARGET = 16.4;
				MTL_ENABLE_DEBUG_INFO = INCLUDE_SOURCE;
				MTL_FAST_MATH = YES;
				ONLY_ACTIVE_ARCH = YES;
				SDKROOT = iphoneos;
				SWIFT_ACTIVE_COMPILATION_CONDITIONS = DEBUG;
				SWIFT_OPTIMIZATION_LEVEL = "-Onone";
			};
			name = Debug;
		};
		461648732A4AF31400B24D88 /* Release */ = {
			isa = XCBuildConfiguration;
			buildSettings = {
				ALWAYS_SEARCH_USER_PATHS = NO;
				CLANG_ANALYZER_NONNULL = YES;
				CLANG_ANALYZER_NUMBER_OBJECT_CONVERSION = YES_AGGRESSIVE;
				CLANG_CXX_LANGUAGE_STANDARD = "gnu++20";
				CLANG_ENABLE_MODULES = YES;
				CLANG_ENABLE_OBJC_ARC = YES;
				CLANG_ENABLE_OBJC_WEAK = YES;
				CLANG_WARN_BLOCK_CAPTURE_AUTORELEASING = YES;
				CLANG_WARN_BOOL_CONVERSION = YES;
				CLANG_WARN_COMMA = YES;
				CLANG_WARN_CONSTANT_CONVERSION = YES;
				CLANG_WARN_DEPRECATED_OBJC_IMPLEMENTATIONS = YES;
				CLANG_WARN_DIRECT_OBJC_ISA_USAGE = YES_ERROR;
				CLANG_WARN_DOCUMENTATION_COMMENTS = YES;
				CLANG_WARN_EMPTY_BODY = YES;
				CLANG_WARN_ENUM_CONVERSION = YES;
				CLANG_WARN_INFINITE_RECURSION = YES;
				CLANG_WARN_INT_CONVERSION = YES;
				CLANG_WARN_NON_LITERAL_NULL_CONVERSION = YES;
				CLANG_WARN_OBJC_IMPLICIT_RETAIN_SELF = YES;
				CLANG_WARN_OBJC_LITERAL_CONVERSION = YES;
				CLANG_WARN_OBJC_ROOT_CLASS = YES_ERROR;
				CLANG_WARN_QUOTED_INCLUDE_IN_FRAMEWORK_HEADER = YES;
				CLANG_WARN_RANGE_LOOP_ANALYSIS = YES;
				CLANG_WARN_STRICT_PROTOTYPES = YES;
				CLANG_WARN_SUSPICIOUS_MOVE = YES;
				CLANG_WARN_UNGUARDED_AVAILABILITY = YES_AGGRESSIVE;
				CLANG_WARN_UNREACHABLE_CODE = YES;
				CLANG_WARN__DUPLICATE_METHOD_MATCH = YES;
				COPY_PHASE_STRIP = NO;
				DEBUG_INFORMATION_FORMAT = "dwarf-with-dsym";
				ENABLE_NS_ASSERTIONS = NO;
				ENABLE_STRICT_OBJC_MSGSEND = YES;
				GCC_C_LANGUAGE_STANDARD = gnu11;
				GCC_NO_COMMON_BLOCKS = YES;
				GCC_WARN_64_TO_32_BIT_CONVERSION = YES;
				GCC_WARN_ABOUT_RETURN_TYPE = YES_ERROR;
				GCC_WARN_UNDECLARED_SELECTOR = YES;
				GCC_WARN_UNINITIALIZED_AUTOS = YES_AGGRESSIVE;
				GCC_WARN_UNUSED_FUNCTION = YES;
				GCC_WARN_UNUSED_VARIABLE = YES;
				IPHONEOS_DEPLOYMENT_TARGET = 16.4;
				MTL_ENABLE_DEBUG_INFO = NO;
				MTL_FAST_MATH = YES;
				SDKROOT = iphoneos;
				SWIFT_COMPILATION_MODE = wholemodule;
				SWIFT_OPTIMIZATION_LEVEL = "-O";
				VALIDATE_PRODUCT = YES;
			};
			name = Release;
		};
		461648752A4AF31400B24D88 /* Debug */ = {
			isa = XCBuildConfiguration;
			buildSettings = {
				ASSETCATALOG_COMPILER_APPICON_NAME = AppIcon;
				ASSETCATALOG_COMPILER_GLOBAL_ACCENT_COLOR_NAME = AccentColor;
				CODE_SIGN_STYLE = Automatic;
				CURRENT_PROJECT_VERSION = 1;
				DEVELOPMENT_ASSET_PATHS = "\"BudgetLand/Preview Content\"";
				DEVELOPMENT_TEAM = 22NX7WBF6A;
				ENABLE_PREVIEWS = YES;
				GENERATE_INFOPLIST_FILE = YES;
				INFOPLIST_FILE = BudgetLand/Info.plist;
				INFOPLIST_KEY_UIApplicationSceneManifest_Generation = YES;
				INFOPLIST_KEY_UIApplicationSupportsIndirectInputEvents = YES;
				INFOPLIST_KEY_UILaunchScreen_Generation = YES;
				INFOPLIST_KEY_UISupportedInterfaceOrientations_iPad = "UIInterfaceOrientationPortrait UIInterfaceOrientationPortraitUpsideDown UIInterfaceOrientationLandscapeLeft UIInterfaceOrientationLandscapeRight";
				INFOPLIST_KEY_UISupportedInterfaceOrientations_iPhone = "UIInterfaceOrientationPortrait UIInterfaceOrientationLandscapeLeft UIInterfaceOrientationLandscapeRight";
				LD_RUNPATH_SEARCH_PATHS = (
					"$(inherited)",
					"@executable_path/Frameworks",
				);
				MARKETING_VERSION = 1.0;
				PRODUCT_BUNDLE_IDENTIFIER = patka.BudgetLand;
				PRODUCT_NAME = "$(TARGET_NAME)";
				SWIFT_EMIT_LOC_STRINGS = YES;
				SWIFT_VERSION = 5.0;
				TARGETED_DEVICE_FAMILY = "1,2";
			};
			name = Debug;
		};
		461648762A4AF31400B24D88 /* Release */ = {
			isa = XCBuildConfiguration;
			buildSettings = {
				ASSETCATALOG_COMPILER_APPICON_NAME = AppIcon;
				ASSETCATALOG_COMPILER_GLOBAL_ACCENT_COLOR_NAME = AccentColor;
				CODE_SIGN_STYLE = Automatic;
				CURRENT_PROJECT_VERSION = 1;
				DEVELOPMENT_ASSET_PATHS = "\"BudgetLand/Preview Content\"";
				DEVELOPMENT_TEAM = 22NX7WBF6A;
				ENABLE_PREVIEWS = YES;
				GENERATE_INFOPLIST_FILE = YES;
				INFOPLIST_FILE = BudgetLand/Info.plist;
				INFOPLIST_KEY_UIApplicationSceneManifest_Generation = YES;
				INFOPLIST_KEY_UIApplicationSupportsIndirectInputEvents = YES;
				INFOPLIST_KEY_UILaunchScreen_Generation = YES;
				INFOPLIST_KEY_UISupportedInterfaceOrientations_iPad = "UIInterfaceOrientationPortrait UIInterfaceOrientationPortraitUpsideDown UIInterfaceOrientationLandscapeLeft UIInterfaceOrientationLandscapeRight";
				INFOPLIST_KEY_UISupportedInterfaceOrientations_iPhone = "UIInterfaceOrientationPortrait UIInterfaceOrientationLandscapeLeft UIInterfaceOrientationLandscapeRight";
				LD_RUNPATH_SEARCH_PATHS = (
					"$(inherited)",
					"@executable_path/Frameworks",
				);
				MARKETING_VERSION = 1.0;
				PRODUCT_BUNDLE_IDENTIFIER = patka.BudgetLand;
				PRODUCT_NAME = "$(TARGET_NAME)";
				SWIFT_EMIT_LOC_STRINGS = YES;
				SWIFT_VERSION = 5.0;
				TARGETED_DEVICE_FAMILY = "1,2";
			};
			name = Release;
		};
/* End XCBuildConfiguration section */

/* Begin XCConfigurationList section */
		4616485C2A4AF31300B24D88 /* Build configuration list for PBXProject "BudgetLand" */ = {
			isa = XCConfigurationList;
			buildConfigurations = (
				461648722A4AF31400B24D88 /* Debug */,
				461648732A4AF31400B24D88 /* Release */,
			);
			defaultConfigurationIsVisible = 0;
			defaultConfigurationName = Release;
		};
		461648742A4AF31400B24D88 /* Build configuration list for PBXNativeTarget "BudgetLand" */ = {
			isa = XCConfigurationList;
			buildConfigurations = (
				461648752A4AF31400B24D88 /* Debug */,
				461648762A4AF31400B24D88 /* Release */,
			);
			defaultConfigurationIsVisible = 0;
			defaultConfigurationName = Release;
		};
/* End XCConfigurationList section */

/* Begin XCRemoteSwiftPackageReference section */
		46DA861F2A60353D003E2F13 /* XCRemoteSwiftPackageReference "SymbolPicker" */ = {
			isa = XCRemoteSwiftPackageReference;
			repositoryURL = "https://github.com/xnth97/SymbolPicker.git";
			requirement = {
				kind = upToNextMajorVersion;
				minimumVersion = 1.0.0;
			};
		};
/* End XCRemoteSwiftPackageReference section */

/* Begin XCSwiftPackageProductDependency section */
		46DA86202A60353D003E2F13 /* SymbolPicker */ = {
			isa = XCSwiftPackageProductDependency;
			package = 46DA861F2A60353D003E2F13 /* XCRemoteSwiftPackageReference "SymbolPicker" */;
			productName = SymbolPicker;
		};
/* End XCSwiftPackageProductDependency section */

/* Begin XCVersionGroup section */
		4622E81B2A72D6470024816A /* BudgetLand.xcdatamodeld */ = {
			isa = XCVersionGroup;
			children = (
				4622E8222A72EA3C0024816A /* BudgetLand 2.xcdatamodel */,
				4622E81C2A72D6470024816A /* BudgetLand.xcdatamodel */,
			);
			currentVersion = 4622E8222A72EA3C0024816A /* BudgetLand 2.xcdatamodel */;
			name = BudgetLand.xcdatamodeld;
			path = ../Views/Categories/BudgetLand.xcdatamodeld;
			sourceTree = "<group>";
			versionGroupType = wrapper.xcdatamodel;
		};
/* End XCVersionGroup section */
	};
	rootObject = 461648592A4AF31300B24D88 /* Project object */;
}
